<?xml version="1.0" encoding="utf-8"?>
<Project ToolsVersion="4.0" xmlns="http://schemas.microsoft.com/developer/msbuild/2003">
  <ItemGroup>
    <Filter Include="Main">
      <UniqueIdentifier>{4FC737F1-C7A5-4376-A066-2A32D752A2FF}</UniqueIdentifier>
      <Extensions>cpp;c;cc;cxx;def;odl;idl;hpj;bat;asm;asmx</Extensions>
    </Filter>
    <Filter Include="Game Modules">
      <UniqueIdentifier>{15b5cbc6-cd68-4e6e-8935-b04f2fdf7bf4}</UniqueIdentifier>
    </Filter>
    <Filter Include="Core Modules">
      <UniqueIdentifier>{72b85efa-930b-4213-a8ec-2f0f817410d1}</UniqueIdentifier>
    </Filter>
    <Filter Include="Utils">
      <UniqueIdentifier>{ad89cf24-f35e-4d0c-90e5-820c054c274d}</UniqueIdentifier>
    </Filter>
    <Filter Include="MathGeoLib">
      <UniqueIdentifier>{4e1a9379-d113-4902-86da-6ef52693bbef}</UniqueIdentifier>
    </Filter>
    <Filter Include="Parson">
      <UniqueIdentifier>{132b9d27-958a-48f6-becf-af3a76b0181d}</UniqueIdentifier>
    </Filter>
  </ItemGroup>
  <ItemGroup>
    <ClInclude Include="ModuleRender.h">
      <Filter>Core Modules</Filter>
    </ClInclude>
    <ClInclude Include="ModuleTextures.h">
      <Filter>Core Modules</Filter>
    </ClInclude>
    <ClInclude Include="ModuleWindow.h">
      <Filter>Core Modules</Filter>
    </ClInclude>
    <ClInclude Include="Module.h">
      <Filter>Core Modules</Filter>
    </ClInclude>
    <ClInclude Include="Application.h">
      <Filter>Main</Filter>
    </ClInclude>
    <ClInclude Include="Globals.h">
      <Filter>Main</Filter>
    </ClInclude>
    <ClInclude Include="ModuleAudio.h">
      <Filter>Core Modules</Filter>
    </ClInclude>
    <ClInclude Include="ModuleFadeToBlack.h">
      <Filter>Core Modules</Filter>
    </ClInclude>
    <ClInclude Include="Animation.h">
      <Filter>Utils</Filter>
    </ClInclude>
    <ClInclude Include="Point.h">
      <Filter>Utils</Filter>
    </ClInclude>
    <ClInclude Include="ModuleInput.h">
      <Filter>Core Modules</Filter>
    </ClInclude>
    <ClInclude Include="MemLeaks.h">
      <Filter>Utils</Filter>
    </ClInclude>
    <ClInclude Include="Observer.h">
      <Filter>Core Modules</Filter>
    </ClInclude>
    <ClInclude Include="ModuleStageOne.h">
      <Filter>Game Modules</Filter>
    </ClInclude>
    <ClInclude Include="AnimationRender.h">
      <Filter>Utils</Filter>
    </ClInclude>
    <ClInclude Include="MathGeoLib\include\Algorithm\Random\LCG.h">
      <Filter>MathGeoLib</Filter>
    </ClInclude>
    <ClInclude Include="MathGeoLib\include\Algorithm\GJK.h">
      <Filter>MathGeoLib</Filter>
    </ClInclude>
    <ClInclude Include="MathGeoLib\include\Algorithm\SAT.h">
      <Filter>MathGeoLib</Filter>
    </ClInclude>
    <ClInclude Include="MathGeoLib\include\Geometry\TriangleMesh.h">
      <Filter>MathGeoLib</Filter>
    </ClInclude>
    <ClInclude Include="MathGeoLib\include\Geometry\Triangle.h">
      <Filter>MathGeoLib</Filter>
    </ClInclude>
    <ClInclude Include="MathGeoLib\include\Geometry\Sphere.h">
      <Filter>MathGeoLib</Filter>
    </ClInclude>
    <ClInclude Include="MathGeoLib\include\Geometry\Ray.h">
      <Filter>MathGeoLib</Filter>
    </ClInclude>
    <ClInclude Include="MathGeoLib\include\Geometry\QuadTree.h">
      <Filter>MathGeoLib</Filter>
    </ClInclude>
    <ClInclude Include="MathGeoLib\include\Geometry\Polyhedron.h">
      <Filter>MathGeoLib</Filter>
    </ClInclude>
    <ClInclude Include="MathGeoLib\include\Geometry\Polygon.h">
      <Filter>MathGeoLib</Filter>
    </ClInclude>
    <ClInclude Include="MathGeoLib\include\Geometry\Plane.h">
      <Filter>MathGeoLib</Filter>
    </ClInclude>
    <ClInclude Include="MathGeoLib\include\Geometry\PBVolume.h">
      <Filter>MathGeoLib</Filter>
    </ClInclude>
    <ClInclude Include="MathGeoLib\include\Geometry\OBB.h">
      <Filter>MathGeoLib</Filter>
    </ClInclude>
    <ClInclude Include="MathGeoLib\include\Geometry\LineSegment.h">
      <Filter>MathGeoLib</Filter>
    </ClInclude>
    <ClInclude Include="MathGeoLib\include\Geometry\Line.h">
      <Filter>MathGeoLib</Filter>
    </ClInclude>
    <ClInclude Include="MathGeoLib\include\Geometry\KDTree.h">
      <Filter>MathGeoLib</Filter>
    </ClInclude>
    <ClInclude Include="MathGeoLib\include\Geometry\HitInfo.h">
      <Filter>MathGeoLib</Filter>
    </ClInclude>
    <ClInclude Include="MathGeoLib\include\Geometry\GeomType.h">
      <Filter>MathGeoLib</Filter>
    </ClInclude>
    <ClInclude Include="MathGeoLib\include\Geometry\GeometryAll.h">
      <Filter>MathGeoLib</Filter>
    </ClInclude>
    <ClInclude Include="MathGeoLib\include\Geometry\Frustum.h">
      <Filter>MathGeoLib</Filter>
    </ClInclude>
    <ClInclude Include="MathGeoLib\include\Geometry\Circle.h">
      <Filter>MathGeoLib</Filter>
    </ClInclude>
    <ClInclude Include="MathGeoLib\include\Geometry\Capsule.h">
      <Filter>MathGeoLib</Filter>
    </ClInclude>
    <ClInclude Include="MathGeoLib\include\Geometry\AABB2D.h">
      <Filter>MathGeoLib</Filter>
    </ClInclude>
    <ClInclude Include="MathGeoLib\include\Geometry\AABB.h">
      <Filter>MathGeoLib</Filter>
    </ClInclude>
    <ClInclude Include="MathGeoLib\include\Math\assume.h">
      <Filter>MathGeoLib</Filter>
    </ClInclude>
    <ClInclude Include="MathGeoLib\include\Math\BitOps.h">
      <Filter>MathGeoLib</Filter>
    </ClInclude>
    <ClInclude Include="MathGeoLib\include\Math\Callstack.h">
      <Filter>MathGeoLib</Filter>
    </ClInclude>
    <ClInclude Include="MathGeoLib\include\Math\FixedPoint.h">
      <Filter>MathGeoLib</Filter>
    </ClInclude>
    <ClInclude Include="MathGeoLib\include\Math\float2.h">
      <Filter>MathGeoLib</Filter>
    </ClInclude>
    <ClInclude Include="MathGeoLib\include\Math\float3.h">
      <Filter>MathGeoLib</Filter>
    </ClInclude>
    <ClInclude Include="MathGeoLib\include\Math\float3x3.h">
      <Filter>MathGeoLib</Filter>
    </ClInclude>
    <ClInclude Include="MathGeoLib\include\Math\float3x4.h">
      <Filter>MathGeoLib</Filter>
    </ClInclude>
    <ClInclude Include="MathGeoLib\include\Math\float4.h">
      <Filter>MathGeoLib</Filter>
    </ClInclude>
    <ClInclude Include="MathGeoLib\include\Math\float4_neon.h">
      <Filter>MathGeoLib</Filter>
    </ClInclude>
    <ClInclude Include="MathGeoLib\include\Math\float4_sse.h">
      <Filter>MathGeoLib</Filter>
    </ClInclude>
    <ClInclude Include="MathGeoLib\include\Math\float4d.h">
      <Filter>MathGeoLib</Filter>
    </ClInclude>
    <ClInclude Include="MathGeoLib\include\Math\float4x4.h">
      <Filter>MathGeoLib</Filter>
    </ClInclude>
    <ClInclude Include="MathGeoLib\include\Math\float4x4_neon.h">
      <Filter>MathGeoLib</Filter>
    </ClInclude>
    <ClInclude Include="MathGeoLib\include\Math\float4x4_sse.h">
      <Filter>MathGeoLib</Filter>
    </ClInclude>
    <ClInclude Include="MathGeoLib\include\Math\FloatCmp.h">
      <Filter>MathGeoLib</Filter>
    </ClInclude>
    <ClInclude Include="MathGeoLib\include\Math\grisu3.h">
      <Filter>MathGeoLib</Filter>
    </ClInclude>
    <ClInclude Include="MathGeoLib\include\Math\InclWindows.h">
      <Filter>MathGeoLib</Filter>
    </ClInclude>
    <ClInclude Include="MathGeoLib\include\Math\MathAll.h">
      <Filter>MathGeoLib</Filter>
    </ClInclude>
    <ClInclude Include="MathGeoLib\include\Math\MathConstants.h">
      <Filter>MathGeoLib</Filter>
    </ClInclude>
    <ClInclude Include="MathGeoLib\include\Math\MathFunc.h">
      <Filter>MathGeoLib</Filter>
    </ClInclude>
    <ClInclude Include="MathGeoLib\include\Math\MathLog.h">
      <Filter>MathGeoLib</Filter>
    </ClInclude>
    <ClInclude Include="MathGeoLib\include\Math\MathNamespace.h">
      <Filter>MathGeoLib</Filter>
    </ClInclude>
    <ClInclude Include="MathGeoLib\include\Math\MathTypes.h">
      <Filter>MathGeoLib</Filter>
    </ClInclude>
    <ClInclude Include="MathGeoLib\include\Math\MatrixProxy.h">
      <Filter>MathGeoLib</Filter>
    </ClInclude>
    <ClInclude Include="MathGeoLib\include\Math\myassert.h">
      <Filter>MathGeoLib</Filter>
    </ClInclude>
    <ClInclude Include="MathGeoLib\include\Math\Polynomial.h">
      <Filter>MathGeoLib</Filter>
    </ClInclude>
    <ClInclude Include="MathGeoLib\include\Math\Quat.h">
      <Filter>MathGeoLib</Filter>
    </ClInclude>
    <ClInclude Include="MathGeoLib\include\Math\quat_simd.h">
      <Filter>MathGeoLib</Filter>
    </ClInclude>
    <ClInclude Include="MathGeoLib\include\Math\Rect.h">
      <Filter>MathGeoLib</Filter>
    </ClInclude>
    <ClInclude Include="MathGeoLib\include\Math\Reinterpret.h">
      <Filter>MathGeoLib</Filter>
    </ClInclude>
    <ClInclude Include="MathGeoLib\include\Math\simd.h">
      <Filter>MathGeoLib</Filter>
    </ClInclude>
    <ClInclude Include="MathGeoLib\include\Math\sse_mathfun.h">
      <Filter>MathGeoLib</Filter>
    </ClInclude>
    <ClInclude Include="MathGeoLib\include\Math\SSEMath.h">
      <Filter>MathGeoLib</Filter>
    </ClInclude>
    <ClInclude Include="MathGeoLib\include\Math\TransformOps.h">
      <Filter>MathGeoLib</Filter>
    </ClInclude>
    <ClInclude Include="MathGeoLib\include\Time\Clock.h">
      <Filter>MathGeoLib</Filter>
    </ClInclude>
    <ClInclude Include="TempMili.h">
      <Filter>Utils</Filter>
    </ClInclude>
    <ClInclude Include="TempMicro.h">
      <Filter>Utils</Filter>
    </ClInclude>
    <ClInclude Include="Parson\include\parson.h">
      <Filter>Parson</Filter>
    </ClInclude>
  </ItemGroup>
  <ItemGroup>
    <ClCompile Include="Main.cpp">
      <Filter>Main</Filter>
    </ClCompile>
    <ClCompile Include="Application.cpp">
      <Filter>Main</Filter>
    </ClCompile>
    <ClCompile Include="ModuleRender.cpp">
      <Filter>Core Modules</Filter>
    </ClCompile>
    <ClCompile Include="ModuleTextures.cpp">
      <Filter>Core Modules</Filter>
    </ClCompile>
    <ClCompile Include="ModuleWindow.cpp">
      <Filter>Core Modules</Filter>
    </ClCompile>
    <ClCompile Include="ModuleAudio.cpp">
      <Filter>Core Modules</Filter>
    </ClCompile>
    <ClCompile Include="ModuleFadeToBlack.cpp">
      <Filter>Core Modules</Filter>
    </ClCompile>
    <ClCompile Include="Log.cpp">
      <Filter>Utils</Filter>
    </ClCompile>
    <ClCompile Include="ModuleInput.cpp">
      <Filter>Core Modules</Filter>
    </ClCompile>
    <ClCompile Include="ModuleStageOne.cpp">
      <Filter>Game Modules</Filter>
    </ClCompile>
    <ClCompile Include="MathGeoLib\include\Algorithm\Random\LCG.cpp">
      <Filter>MathGeoLib</Filter>
    </ClCompile>
    <ClCompile Include="MathGeoLib\include\Algorithm\GJK.cpp">
      <Filter>MathGeoLib</Filter>
    </ClCompile>
    <ClCompile Include="MathGeoLib\include\Geometry\TriangleMesh.cpp">
      <Filter>MathGeoLib</Filter>
    </ClCompile>
    <ClCompile Include="MathGeoLib\include\Geometry\Triangle.cpp">
      <Filter>MathGeoLib</Filter>
    </ClCompile>
    <ClCompile Include="MathGeoLib\include\Geometry\Sphere.cpp">
      <Filter>MathGeoLib</Filter>
    </ClCompile>
    <ClCompile Include="MathGeoLib\include\Geometry\Ray.cpp">
      <Filter>MathGeoLib</Filter>
    </ClCompile>
    <ClCompile Include="MathGeoLib\include\Geometry\Polyhedron.cpp">
      <Filter>MathGeoLib</Filter>
    </ClCompile>
    <ClCompile Include="MathGeoLib\include\Geometry\Polygon.cpp">
      <Filter>MathGeoLib</Filter>
    </ClCompile>
    <ClCompile Include="MathGeoLib\include\Geometry\Plane.cpp">
      <Filter>MathGeoLib</Filter>
    </ClCompile>
    <ClCompile Include="MathGeoLib\include\Geometry\PBVolume.cpp">
      <Filter>MathGeoLib</Filter>
    </ClCompile>
    <ClCompile Include="MathGeoLib\include\Geometry\OBB.cpp">
      <Filter>MathGeoLib</Filter>
    </ClCompile>
    <ClCompile Include="MathGeoLib\include\Geometry\LineSegment.cpp">
      <Filter>MathGeoLib</Filter>
    </ClCompile>
    <ClCompile Include="MathGeoLib\include\Geometry\Line.cpp">
      <Filter>MathGeoLib</Filter>
    </ClCompile>
    <ClCompile Include="MathGeoLib\include\Geometry\Frustum.cpp">
      <Filter>MathGeoLib</Filter>
    </ClCompile>
    <ClCompile Include="MathGeoLib\include\Geometry\Circle.cpp">
      <Filter>MathGeoLib</Filter>
    </ClCompile>
    <ClCompile Include="MathGeoLib\include\Geometry\Capsule.cpp">
      <Filter>MathGeoLib</Filter>
    </ClCompile>
    <ClCompile Include="MathGeoLib\include\Geometry\AABB.cpp">
      <Filter>MathGeoLib</Filter>
    </ClCompile>
    <ClCompile Include="MathGeoLib\include\Math\BitOps.cpp">
      <Filter>MathGeoLib</Filter>
    </ClCompile>
    <ClCompile Include="MathGeoLib\include\Math\Callstack.cpp">
      <Filter>MathGeoLib</Filter>
    </ClCompile>
    <ClCompile Include="MathGeoLib\include\Math\float2.cpp">
      <Filter>MathGeoLib</Filter>
    </ClCompile>
    <ClCompile Include="MathGeoLib\include\Math\float3.cpp">
      <Filter>MathGeoLib</Filter>
    </ClCompile>
    <ClCompile Include="MathGeoLib\include\Math\float3x3.cpp">
      <Filter>MathGeoLib</Filter>
    </ClCompile>
    <ClCompile Include="MathGeoLib\include\Math\float3x4.cpp">
      <Filter>MathGeoLib</Filter>
    </ClCompile>
    <ClCompile Include="MathGeoLib\include\Math\float4.cpp">
      <Filter>MathGeoLib</Filter>
    </ClCompile>
    <ClCompile Include="MathGeoLib\include\Math\float4d.cpp">
      <Filter>MathGeoLib</Filter>
    </ClCompile>
    <ClCompile Include="MathGeoLib\include\Math\float4x4.cpp">
      <Filter>MathGeoLib</Filter>
    </ClCompile>
    <ClCompile Include="MathGeoLib\include\Math\grisu3.c">
      <Filter>MathGeoLib</Filter>
    </ClCompile>
    <ClCompile Include="MathGeoLib\include\Math\grisu3_cpp.cpp">
      <Filter>MathGeoLib</Filter>
    </ClCompile>
    <ClCompile Include="MathGeoLib\include\Math\MathFunc.cpp">
      <Filter>MathGeoLib</Filter>
    </ClCompile>
    <ClCompile Include="MathGeoLib\include\Math\MathLog.cpp">
      <Filter>MathGeoLib</Filter>
    </ClCompile>
    <ClCompile Include="MathGeoLib\include\Math\MathOps.cpp">
      <Filter>MathGeoLib</Filter>
    </ClCompile>
    <ClCompile Include="MathGeoLib\include\Math\Polynomial.cpp">
      <Filter>MathGeoLib</Filter>
    </ClCompile>
    <ClCompile Include="MathGeoLib\include\Math\Quat.cpp">
      <Filter>MathGeoLib</Filter>
    </ClCompile>
    <ClCompile Include="MathGeoLib\include\Math\SSEMath.cpp">
      <Filter>MathGeoLib</Filter>
    </ClCompile>
    <ClCompile Include="MathGeoLib\include\Math\TransformOps.cpp">
      <Filter>MathGeoLib</Filter>
    </ClCompile>
    <ClCompile Include="MathGeoLib\include\Time\Clock.cpp">
      <Filter>MathGeoLib</Filter>
    </ClCompile>
    <ClCompile Include="Parson\include\parson.c">
      <Filter>Parson</Filter>
    </ClCompile>
    <ClCompile Include="TempMicro.cpp">
      <Filter>Utils</Filter>
    </ClCompile>
  </ItemGroup>
  <ItemGroup>
    <None Include="MathGeoLib\include\Geometry\TriangleMesh_IntersectRay_SSE.inl">
      <Filter>MathGeoLib</Filter>
    </None>
    <None Include="MathGeoLib\include\Geometry\TriangleMesh_IntersectRay_CPP.inl">
      <Filter>MathGeoLib</Filter>
    </None>
    <None Include="MathGeoLib\include\Geometry\TriangleMesh_IntersectRay_AVX.inl">
      <Filter>MathGeoLib</Filter>
    </None>
    <None Include="MathGeoLib\include\Geometry\QuadTree.inl">
      <Filter>MathGeoLib</Filter>
    </None>
    <None Include="MathGeoLib\include\Geometry\KDTree.inl">
      <Filter>MathGeoLib</Filter>
    </None>
    <None Include="MathGeoLib\include\Math\float2.inl">
      <Filter>MathGeoLib</Filter>
    </None>
    <None Include="MathGeoLib\include\Math\Matrix.inl">
      <Filter>MathGeoLib</Filter>
    </None>
  </ItemGroup>
</Project>